
Microsoft Visual Studio Solution File, Format Version 12.00
# Visual Studio Version 16
VisualStudioVersion = 16.0.30503.244
MinimumVisualStudioVersion = 10.0.40219.1
Project("{8BC9CEB8-8B4A-11D0-8D11-00A0C91BC942}") = "Functions", "Functions\Functions.vcxproj", "{DD79F4D5-7DE0-4A9C-AAF2-029E7B044413}"
EndProject
Project("{8BC9CEB8-8B4A-11D0-8D11-00A0C91BC942}") = "arrays", "arrays\arrays.vcxproj", "{907C0312-4254-49A1-8EA9-E887D80E220F}"
EndProject
Global
	GlobalSection(SolutionConfigurationPlatforms) = preSolution
		Debug|x64 = Debug|x64
		Debug|x86 = Debug|x86
		Release|x64 = Release|x64
		Release|x86 = Release|x86
	EndGlobalSection
	GlobalSection(ProjectConfigurationPlatforms) = postSolution
		{DD79F4D5-7DE0-4A9C-AAF2-029E7B044413}.Debug|x64.ActiveCfg = Debug|x64
		{DD79F4D5-7DE0-4A9C-AAF2-029E7B044413}.Debug|x64.Build.0 = Debug|x64
		{DD79F4D5-7DE0-4A9C-AAF2-029E7B044413}.Debug|x86.ActiveCfg = Debug|Win32
		{DD79F4D5-7DE0-4A9C-AAF2-029E7B044413}.Debug|x86.Build.0 = Debug|Win32
		{DD79F4D5-7DE0-4A9C-AAF2-029E7B044413}.Release|x64.ActiveCfg = Release|x64
		{DD79F4D5-7DE0-4A9C-AAF2-029E7B044413}.Release|x64.Build.0 = Release|x64
		{DD79F4D5-7DE0-4A9C-AAF2-029E7B044413}.Release|x86.ActiveCfg = Release|Win32
		{DD79F4D5-7DE0-4A9C-AAF2-029E7B044413}.Release|x86.Build.0 = Release|Win32
		{907C0312-4254-49A1-8EA9-E887D80E220F}.Debug|x64.ActiveCfg = Debug|x64
		{907C0312-4254-49A1-8EA9-E887D80E220F}.Debug|x64.Build.0 = Debug|x64
		{907C0312-4254-49A1-8EA9-E887D80E220F}.Debug|x86.ActiveCfg = Debug|Win32
		{907C0312-4254-49A1-8EA9-E887D80E220F}.Debug|x86.Build.0 = Debug|Win32
		{907C0312-4254-49A1-8EA9-E887D80E220F}.Release|x64.ActiveCfg = Release|x64
		{907C0312-4254-49A1-8EA9-E887D80E220F}.Release|x64.Build.0 = Release|x64
		{907C0312-4254-49A1-8EA9-E887D80E220F}.Release|x86.ActiveCfg = Release|Win32
		{907C0312-4254-49A1-8EA9-E887D80E220F}.Release|x86.Build.0 = Release|Win32
	EndGlobalSection
	GlobalSection(SolutionProperties) = preSolution
		HideSolutionNode = FALSE
	EndGlobalSection
	GlobalSection(ExtensibilityGlobals) = postSolution
		SolutionGuid = {F0F70285-DCF7-478D-ADA1-2AA860E3C689}
	EndGlobalSection
EndGlobal
